
Microsoft Visual Studio Solution File, Format Version 11.00
# Visual Studio 2010
Project("{FAE04EC0-301F-11D3-BF4B-00C04F79EFBC}") = "XFramework.Core", "XFramework.Core.csproj", "{B292C7B4-B1BE-48EB-9F1F-5E51F0721BED}"
EndProject
Global
	GlobalSection(SolutionConfigurationPlatforms) = preSolution
		Debug|Any CPU = Debug|Any CPU
		Release|Any CPU = Release|Any CPU
	EndGlobalSection
	GlobalSection(ProjectConfigurationPlatforms) = postSolution
		{B292C7B4-B1BE-48EB-9F1F-5E51F0721BED}.Debug|Any CPU.ActiveCfg = Debug|Any CPU
		{B292C7B4-B1BE-48EB-9F1F-5E51F0721BED}.Debug|Any CPU.Build.0 = Debug|Any CPU
		{B292C7B4-B1BE-48EB-9F1F-5E51F0721BED}.Release|Any CPU.ActiveCfg = Release|Any CPU
		{B292C7B4-B1BE-48EB-9F1F-5E51F0721BED}.Release|Any CPU.Build.0 = Release|Any CPU
	EndGlobalSection
	GlobalSection(SolutionProperties) = preSolution
		HideSolutionNode = FALSE
	EndGlobalSection
EndGlobal
